{
  "object": {
    "pins": [
      {
        "package": "SwiftUICharts",
        "repositoryURL": "https://github.com/mecid/SwiftUICharts",
        "state": {
          "branch": "main",
          "revision": "15ec6551761e6a444e9439073e1f557c1c9700c6",
          "version": null
        }
      }
    ]
  },
  "version": 1
}
